{
  "requires": true,
  "lockfileVersion": 1,
  "dependencies": {
    "@vant/weapp": {
      "version": "1.8.3",
      "resolved": "https://registry.nlark.com/@vant/weapp/download/@vant/weapp-1.8.3.tgz",
      "integrity": "sha1-N5hgfeSGRScjQUKP7GRmneuE0sc="
    },
    "vant-weapp": {
      "version": "0.5.29",
      "resolved": "https://registry.npm.taobao.org/vant-weapp/download/vant-weapp-0.5.29.tgz",
      "integrity": "sha1-i7wJQmPNilYMkzKy514tuibMBeA="
    }
  }
}
